
Microsoft Visual Studio Solution File, Format Version 12.00
# Visual Studio Version 16
VisualStudioVersion = 16.0.29709.97
MinimumVisualStudioVersion = 10.0.40219.1
Project("{8BC9CEB8-8B4A-11D0-8D11-00A0C91BC942}") = "Taistelijat_by_Nikita_Kallio_714477", "Taistelijat_by_Nikita_Kallio_714477\Taistelijat_by_Nikita_Kallio_714477.vcxproj", "{27F48EF8-7D63-4A5B-B7AA-9BB0F62FA25D}"
EndProject
Global
	GlobalSection(SolutionConfigurationPlatforms) = preSolution
		Debug|x64 = Debug|x64
		Debug|x86 = Debug|x86
		Release|x64 = Release|x64
		Release|x86 = Release|x86
	EndGlobalSection
	GlobalSection(ProjectConfigurationPlatforms) = postSolution
		{27F48EF8-7D63-4A5B-B7AA-9BB0F62FA25D}.Debug|x64.ActiveCfg = Debug|x64
		{27F48EF8-7D63-4A5B-B7AA-9BB0F62FA25D}.Debug|x64.Build.0 = Debug|x64
		{27F48EF8-7D63-4A5B-B7AA-9BB0F62FA25D}.Debug|x86.ActiveCfg = Debug|Win32
		{27F48EF8-7D63-4A5B-B7AA-9BB0F62FA25D}.Debug|x86.Build.0 = Debug|Win32
		{27F48EF8-7D63-4A5B-B7AA-9BB0F62FA25D}.Release|x64.ActiveCfg = Release|x64
		{27F48EF8-7D63-4A5B-B7AA-9BB0F62FA25D}.Release|x64.Build.0 = Release|x64
		{27F48EF8-7D63-4A5B-B7AA-9BB0F62FA25D}.Release|x86.ActiveCfg = Release|Win32
		{27F48EF8-7D63-4A5B-B7AA-9BB0F62FA25D}.Release|x86.Build.0 = Release|Win32
	EndGlobalSection
	GlobalSection(SolutionProperties) = preSolution
		HideSolutionNode = FALSE
	EndGlobalSection
	GlobalSection(ExtensibilityGlobals) = postSolution
		SolutionGuid = {0C29E786-FD30-445D-A1E4-C0BC363A7C38}
	EndGlobalSection
EndGlobal
